
Microsoft Visual Studio Solution File, Format Version 12.00
# Visual Studio Version 17
VisualStudioVersion = 17.9.34616.47
MinimumVisualStudioVersion = 10.0.40219.1
Project("{FAE04EC0-301F-11D3-BF4B-00C04F79EFBC}") = "AAAApprovedSignature", "AAAApprovedSignature.csproj", "{FADCD8EE-3772-4B56-A789-099E5E252DEB}"
EndProject
Global
	GlobalSection(SolutionConfigurationPlatforms) = preSolution
		Debug|Any CPU = Debug|Any CPU
		Release|Any CPU = Release|Any CPU
	EndGlobalSection
	GlobalSection(ProjectConfigurationPlatforms) = postSolution
		{FADCD8EE-3772-4B56-A789-099E5E252DEB}.Debug|Any CPU.ActiveCfg = Debug|Any CPU
		{FADCD8EE-3772-4B56-A789-099E5E252DEB}.Debug|Any CPU.Build.0 = Debug|Any CPU
		{FADCD8EE-3772-4B56-A789-099E5E252DEB}.Release|Any CPU.ActiveCfg = Release|Any CPU
		{FADCD8EE-3772-4B56-A789-099E5E252DEB}.Release|Any CPU.Build.0 = Release|Any CPU
	EndGlobalSection
	GlobalSection(SolutionProperties) = preSolution
		HideSolutionNode = FALSE
	EndGlobalSection
	GlobalSection(ExtensibilityGlobals) = postSolution
		SolutionGuid = {8A86F6A2-1F75-42D0-BD7D-014E92F868EB}
	EndGlobalSection
EndGlobal
